
Microsoft Visual Studio Solution File, Format Version 12.00
# Visual Studio 14
VisualStudioVersion = 14.0.25420.1
MinimumVisualStudioVersion = 10.0.40219.1
Project("{2150E333-8FDC-42A3-9474-1A3956D46DE8}") = "Solution Items", "Solution Items", "{A62EF6C4-5015-438C-B8B0-B632B2A7A033}"
	ProjectSection(SolutionItems) = preProject
		.gitattributes = .gitattributes
		3566.Metro-Theme-Light-WPF_2.jpg = 3566.Metro-Theme-Light-WPF_2.jpg
		cb-index.htm = cb-index.htm
		Sources\Core.APIs.ts = Sources\Core.APIs.ts
		Sources\Core.ArrayUtils.ts = Sources\Core.ArrayUtils.ts
		Sources\Core.Collections.ts = Sources\Core.Collections.ts
		Sources\Core.Events.ts = Sources\Core.Events.ts
		Sources\Core.Exceptions.ts = Sources\Core.Exceptions.ts
		Sources\Core.MethodGroup.ts = Sources\Core.MethodGroup.ts
		Sources\Core.StringUtils.ts = Sources\Core.StringUtils.ts
		Sources\Core.ts = Sources\Core.ts
		Sources\Core.UserInterface.Animations.ts = Sources\Core.UserInterface.Animations.ts
		Sources\Core.UserInterface.AttributePropertyAssociator.ts = Sources\Core.UserInterface.AttributePropertyAssociator.ts
		Sources\Core.UserInterface.Button.ts = Sources\Core.UserInterface.Button.ts
		Sources\Core.UserInterface.DataGrid.ts = Sources\Core.UserInterface.DataGrid.ts
		Sources\Core.UserInterface.Dialogs.ts = Sources\Core.UserInterface.Dialogs.ts
		Sources\Core.UserInterface.Forms.ts = Sources\Core.UserInterface.Forms.ts
		Sources\Core.UserInterface.IconElement.ts = Sources\Core.UserInterface.IconElement.ts
		Sources\Core.UserInterface.Icons.ts = Sources\Core.UserInterface.Icons.ts
		Sources\Core.UserInterface.Primitives.ts = Sources\Core.UserInterface.Primitives.ts
		Sources\Core.UserInterface.ProgressBar.ts = Sources\Core.UserInterface.ProgressBar.ts
		Sources\Core.UserInterface.Utils.ts = Sources\Core.UserInterface.Utils.ts
		Sources\Core.Validation.ts = Sources\Core.Validation.ts
		Sources\Core.Web.Ajax.ts = Sources\Core.Web.Ajax.ts
		Sources\Core.Web.ts = Sources\Core.Web.ts
		metro-light.theme.css = metro-light.theme.css
		spark.theme.css = spark.theme.css
		tsconfig.json = tsconfig.json
		ui-grab-active-cursor-48x48.svg = ui-grab-active-cursor-48x48.svg
		ui-grab-cursor-48x48.svg = ui-grab-cursor-48x48.svg
		ui-icon-sprite-21x21.svg = ui-icon-sprite-21x21.svg
		ui-not-allowed-cursor-48x48.svg = ui-not-allowed-cursor-48x48.svg
		ui-wait-cursor-48x48.svg = ui-wait-cursor-48x48.svg
	EndProjectSection
	ProjectSection(FolderGlobals) = preProject
		__JSONSchema = http://json.schemastore.org/tsdrc
	EndProjectSection
EndProject
Global
	GlobalSection(SolutionProperties) = preSolution
		HideSolutionNode = FALSE
	EndGlobalSection
EndGlobal
